// !$*UTF8*$!
{
	archiveVersion = 1;
	classes = {
	};
	objectVersion = 56;
	objects = {

/* Begin PBXBuildFile section */
		B301 /* PictureInPictureLayout.swift in Sources */ = {isa = PBXBuildFile; fileRef = F401; };
		B302 /* DualCameraSession.swift in Sources */ = {isa = PBXBuildFile; fileRef = F302; };
		B303 /* PictureInPicturePreview.swift in Sources */ = {isa = PBXBuildFile; fileRef = F303; };
		B304 /* RearCameraSelection.swift in Sources */ = {isa = PBXBuildFile; fileRef = F304; };
		B001 /* CuteStickerCameraApp.swift in Sources */ = {isa = PBXBuildFile; fileRef = F001 /* CuteStickerCameraApp.swift */; };
		B002 /* CameraService.swift in Sources */ = {isa = PBXBuildFile; fileRef = F002 /* CameraService.swift */; };
		B003 /* CameraPreview.swift in Sources */ = {isa = PBXBuildFile; fileRef = F003 /* CameraPreview.swift */; };
		B004 /* StickerLayer.swift in Sources */ = {isa = PBXBuildFile; fileRef = F004 /* StickerLayer.swift */; };
		B005 /* StickerCanvas.swift in Sources */ = {isa = PBXBuildFile; fileRef = F005 /* StickerCanvas.swift */; };
		B006 /* StickerRenderTransform.swift in Sources */ = {isa = PBXBuildFile; fileRef = F006 /* StickerRenderTransform.swift */; };
		B007 /* PhotoComposer.swift in Sources */ = {isa = PBXBuildFile; fileRef = F007 /* PhotoComposer.swift */; };
		B008 /* PhotoLibrarySaver.swift in Sources */ = {isa = PBXBuildFile; fileRef = F008 /* PhotoLibrarySaver.swift */; };
		B009 /* StickerCanvasView.swift in Sources */ = {isa = PBXBuildFile; fileRef = F009 /* StickerCanvasView.swift */; };
		B010 /* StickerTrayView.swift in Sources */ = {isa = PBXBuildFile; fileRef = F010 /* StickerTrayView.swift */; };
		B011 /* CameraScreen.swift in Sources */ = {isa = PBXBuildFile; fileRef = F011 /* CameraScreen.swift */; };
		B012 /* FrameStyle.swift in Sources */ = {isa = PBXBuildFile; fileRef = F014 /* FrameStyle.swift */; };
		B013 /* FrameOverlayView.swift in Sources */ = {isa = PBXBuildFile; fileRef = F015 /* FrameOverlayView.swift */; };
		B014 /* FrameTrayView.swift in Sources */ = {isa = PBXBuildFile; fileRef = F016 /* FrameTrayView.swift */; };
		B033 /* CollageGridView.swift in Sources */ = {isa = PBXBuildFile; fileRef = F035 /* CollageGridView.swift */; };
		B034 /* CollageProgressView.swift in Sources */ = {isa = PBXBuildFile; fileRef = F036 /* CollageProgressView.swift */; };
		B035 /* CollageTrayView.swift in Sources */ = {isa = PBXBuildFile; fileRef = F037 /* CollageTrayView.swift */; };
		B038 /* TrayContainer.swift in Sources */ = {isa = PBXBuildFile; fileRef = F040 /* TrayContainer.swift */; };
		B039 /* GlassControls.swift in Sources */ = {isa = PBXBuildFile; fileRef = F041 /* GlassControls.swift */; };
		B041 /* DoodleCanvasView.swift in Sources */ = {isa = PBXBuildFile; fileRef = F043 /* DoodleCanvasView.swift */; };
		B042 /* DoodleToolbar.swift in Sources */ = {isa = PBXBuildFile; fileRef = F044 /* DoodleToolbar.swift */; };
		B015 /* PhotoSaveTracker.swift in Sources */ = {isa = PBXBuildFile; fileRef = F017 /* PhotoSaveTracker.swift */; };
		B016 /* CameraSoundPreference.swift in Sources */ = {isa = PBXBuildFile; fileRef = F018 /* CameraSoundPreference.swift */; };
		B017 /* CameraShutterEffect.swift in Sources */ = {isa = PBXBuildFile; fileRef = F019 /* CameraShutterEffect.swift */; };
		B018 /* StickerCatalog.swift in Sources */ = {isa = PBXBuildFile; fileRef = F020 /* StickerCatalog.swift */; };
		B019 /* CameraScreenChrome.swift in Sources */ = {isa = PBXBuildFile; fileRef = F021 /* CameraScreenChrome.swift */; };
		B020 /* CameraAspectRatio.swift in Sources */ = {isa = PBXBuildFile; fileRef = F022 /* CameraAspectRatio.swift */; };
		B021 /* CameraControlGrouping.swift in Sources */ = {isa = PBXBuildFile; fileRef = F023 /* CameraControlGrouping.swift */; };
		B022 /* StickerImageProvider.swift in Sources */ = {isa = PBXBuildFile; fileRef = F024 /* StickerImageProvider.swift */; };
		B030 /* ImageCropping.swift in Sources */ = {isa = PBXBuildFile; fileRef = F032 /* ImageCropping.swift */; };
		B031 /* CollageComposer.swift in Sources */ = {isa = PBXBuildFile; fileRef = F033 /* CollageComposer.swift */; };
		B037 /* FrameRenderer.swift in Sources */ = {isa = PBXBuildFile; fileRef = F039 /* FrameRenderer.swift */; };
		B032 /* CollageDecorationRenderer.swift in Sources */ = {isa = PBXBuildFile; fileRef = F034 /* CollageDecorationRenderer.swift */; };
		B023 /* RecentPhotoStore.swift in Sources */ = {isa = PBXBuildFile; fileRef = F025 /* RecentPhotoStore.swift */; };
		B024 /* CameraTimerPreference.swift in Sources */ = {isa = PBXBuildFile; fileRef = F026 /* CameraTimerPreference.swift */; };
		B025 /* TimerCountdownAnimation.swift in Sources */ = {isa = PBXBuildFile; fileRef = F027 /* TimerCountdownAnimation.swift */; };
		B026 /* CameraSwitchAnimation.swift in Sources */ = {isa = PBXBuildFile; fileRef = F028 /* CameraSwitchAnimation.swift */; };
		B027 /* CollageLayout.swift in Sources */ = {isa = PBXBuildFile; fileRef = F029 /* CollageLayout.swift */; };
		B028 /* CollageStyle.swift in Sources */ = {isa = PBXBuildFile; fileRef = F030 /* CollageStyle.swift */; };
		B029 /* CollageSession.swift in Sources */ = {isa = PBXBuildFile; fileRef = F031 /* CollageSession.swift */; };
		B040 /* DoodleTool.swift in Sources */ = {isa = PBXBuildFile; fileRef = F042 /* DoodleTool.swift */; };
		B043 /* RecentUsage.swift in Sources */ = {isa = PBXBuildFile; fileRef = F045 /* RecentUsage.swift */; };
		B036 /* CollageOverlayLayout.swift in Sources */ = {isa = PBXBuildFile; fileRef = F038 /* CollageOverlayLayout.swift */; };
		B102 /* kitten.png in Resources */ = {isa = PBXBuildFile; fileRef = F102 /* kitten.png */; };
		B103 /* puppy.png in Resources */ = {isa = PBXBuildFile; fileRef = F103 /* puppy.png */; };
		B104 /* panda.png in Resources */ = {isa = PBXBuildFile; fileRef = F104 /* panda.png */; };
		B109 /* strawberry.png in Resources */ = {isa = PBXBuildFile; fileRef = F109 /* strawberry.png */; };
		B110 /* cupcake.png in Resources */ = {isa = PBXBuildFile; fileRef = F110 /* cupcake.png */; };
		B114 /* dinosaur.png in Resources */ = {isa = PBXBuildFile; fileRef = F114 /* dinosaur.png */; };
		B115 /* cloud.png in Resources */ = {isa = PBXBuildFile; fileRef = F115 /* cloud.png */; };
		B126 /* princess_hair.png in Resources */ = {isa = PBXBuildFile; fileRef = F126 /* princess_hair.png */; };
		B127 /* bow_hairclip.png in Resources */ = {isa = PBXBuildFile; fileRef = F127 /* bow_hairclip.png */; };
		B128 /* pearl_hairpin.png in Resources */ = {isa = PBXBuildFile; fileRef = F128 /* pearl_hairpin.png */; };
		B129 /* king_crown.png in Resources */ = {isa = PBXBuildFile; fileRef = F129 /* king_crown.png */; };
		B130 /* ice_queen_crown.png in Resources */ = {isa = PBXBuildFile; fileRef = F130 /* ice_queen_crown.png */; };
		B131 /* magic_glasses.png in Resources */ = {isa = PBXBuildFile; fileRef = F131 /* magic_glasses.png */; };
		B132 /* fairy_wings.png in Resources */ = {isa = PBXBuildFile; fileRef = F132 /* fairy_wings.png */; };
		B133 /* star_twin_tails.png in Resources */ = {isa = PBXBuildFile; fileRef = F133 /* star_twin_tails.png */; };
		B134 /* heart_gem_tiara.png in Resources */ = {isa = PBXBuildFile; fileRef = F134 /* heart_gem_tiara.png */; };
		B135 /* bunny_bow.png in Resources */ = {isa = PBXBuildFile; fileRef = F135 /* bunny_bow.png */; };
		B136 /* strawberry_macaron.png in Resources */ = {isa = PBXBuildFile; fileRef = F136 /* strawberry_macaron.png */; };
		B137 /* heart_sunglasses.png in Resources */ = {isa = PBXBuildFile; fileRef = F137 /* heart_sunglasses.png */; };
		B138 /* star_wand.png in Resources */ = {isa = PBXBuildFile; fileRef = F138 /* star_wand.png */; };
		B139 /* hair_sticker_sheet.png in Resources */ = {isa = PBXBuildFile; fileRef = F139 /* hair_sticker_sheet.png */; };
		B140 /* crown_sticker_sheet.png in Resources */ = {isa = PBXBuildFile; fileRef = F140 /* crown_sticker_sheet.png */; };
		B141 /* animal_sticker_sheet.png in Resources */ = {isa = PBXBuildFile; fileRef = F141 /* animal_sticker_sheet.png */; };
		B142 /* sweet_sticker_sheet.png in Resources */ = {isa = PBXBuildFile; fileRef = F142 /* sweet_sticker_sheet.png */; };
		B143 /* accessory_sticker_sheet.png in Resources */ = {isa = PBXBuildFile; fileRef = F143 /* accessory_sticker_sheet.png */; };
		B144 /* magic_sticker_sheet.png in Resources */ = {isa = PBXBuildFile; fileRef = F144 /* magic_sticker_sheet.png */; };
		B117 /* Assets.xcassets in Resources */ = {isa = PBXBuildFile; fileRef = F013 /* Assets.xcassets */; };
		B118 /* strawberry_bow_frame.png in Resources */ = {isa = PBXBuildFile; fileRef = F118 /* strawberry_bow_frame.png */; };
		B119 /* sky_cloud_frame.png in Resources */ = {isa = PBXBuildFile; fileRef = F119 /* sky_cloud_frame.png */; };
		B120 /* crayon_doodle_frame.png in Resources */ = {isa = PBXBuildFile; fileRef = F120 /* crayon_doodle_frame.png */; };
		B121 /* starry_moon_frame.png in Resources */ = {isa = PBXBuildFile; fileRef = F121 /* starry_moon_frame.png */; };
		B122 /* teddy_picnic_frame.png in Resources */ = {isa = PBXBuildFile; fileRef = F122 /* teddy_picnic_frame.png */; };
		B123 /* ocean_shell_frame.png in Resources */ = {isa = PBXBuildFile; fileRef = F123 /* ocean_shell_frame.png */; };
		B124 /* fairy_garden_frame.png in Resources */ = {isa = PBXBuildFile; fileRef = F124 /* fairy_garden_frame.png */; };
		B125 /* candy_party_frame.png in Resources */ = {isa = PBXBuildFile; fileRef = F125 /* candy_party_frame.png */; };
		B145 /* ice_crystal_frame.png in Resources */ = {isa = PBXBuildFile; fileRef = F145 /* ice_crystal_frame.png */; };
		B146 /* coral_reef_frame.png in Resources */ = {isa = PBXBuildFile; fileRef = F146 /* coral_reef_frame.png */; };
		B147 /* rainbow_cloud_frame.png in Resources */ = {isa = PBXBuildFile; fileRef = F147 /* rainbow_cloud_frame.png */; };
		B148 /* magic_ribbon_frame.png in Resources */ = {isa = PBXBuildFile; fileRef = F148 /* magic_ribbon_frame.png */; };
		B149 /* strawberry_picnic_frame.png in Resources */ = {isa = PBXBuildFile; fileRef = F149 /* strawberry_picnic_frame.png */; };
		B150 /* space_rocket_frame.png in Resources */ = {isa = PBXBuildFile; fileRef = F150 /* space_rocket_frame.png */; };
		B151 /* mushroom_forest_frame.png in Resources */ = {isa = PBXBuildFile; fileRef = F151 /* mushroom_forest_frame.png */; };
		B152 /* butterfly_garden_frame.png in Resources */ = {isa = PBXBuildFile; fileRef = F152 /* butterfly_garden_frame.png */; };
		B153 /* dinosaur_adventure_frame.png in Resources */ = {isa = PBXBuildFile; fileRef = F153 /* dinosaur_adventure_frame.png */; };
		B154 /* pirate_treasure_frame.png in Resources */ = {isa = PBXBuildFile; fileRef = F154 /* pirate_treasure_frame.png */; };
		B155 /* cherry_ballet_frame.png in Resources */ = {isa = PBXBuildFile; fileRef = F155 /* cherry_ballet_frame.png */; };
		B156 /* cupcake_sprinkle_frame.png in Resources */ = {isa = PBXBuildFile; fileRef = F156 /* cupcake_sprinkle_frame.png */; };
		B157 /* peach_soda_frame.png in Resources */ = {isa = PBXBuildFile; fileRef = F157 /* peach_soda_frame.png */; };
		B158 /* cookie_garden_frame.png in Resources */ = {isa = PBXBuildFile; fileRef = F158 /* cookie_garden_frame.png */; };
		B159 /* rainbow_cake_frame.png in Resources */ = {isa = PBXBuildFile; fileRef = F159 /* rainbow_cake_frame.png */; };
		B160 /* jelly_star_frame.png in Resources */ = {isa = PBXBuildFile; fileRef = F160 /* jelly_star_frame.png */; };
		B161 /* candy_carousel_frame.png in Resources */ = {isa = PBXBuildFile; fileRef = F161 /* candy_carousel_frame.png */; };
		B162 /* aurora_castle_frame.png in Resources */ = {isa = PBXBuildFile; fileRef = F162 /* aurora_castle_frame.png */; };
		B163 /* cloud_balloon_frame.png in Resources */ = {isa = PBXBuildFile; fileRef = F163 /* cloud_balloon_frame.png */; };
		B164 /* moon_bunny_frame.png in Resources */ = {isa = PBXBuildFile; fileRef = F164 /* moon_bunny_frame.png */; };
		B165 /* crystal_wish_frame.png in Resources */ = {isa = PBXBuildFile; fileRef = F165 /* crystal_wish_frame.png */; };
		B166 /* sunflower_meadow_frame.png in Resources */ = {isa = PBXBuildFile; fileRef = F166 /* sunflower_meadow_frame.png */; };
		B167 /* ladybug_picnic_frame.png in Resources */ = {isa = PBXBuildFile; fileRef = F167 /* ladybug_picnic_frame.png */; };
		B168 /* clover_garden_frame.png in Resources */ = {isa = PBXBuildFile; fileRef = F168 /* clover_garden_frame.png */; };
		B169 /* autumn_acorn_frame.png in Resources */ = {isa = PBXBuildFile; fileRef = F169 /* autumn_acorn_frame.png */; };
		B170 /* submarine_sea_frame.png in Resources */ = {isa = PBXBuildFile; fileRef = F170 /* submarine_sea_frame.png */; };
		B171 /* safari_journey_frame.png in Resources */ = {isa = PBXBuildFile; fileRef = F171 /* safari_journey_frame.png */; };
		B172 /* camping_adventure_frame.png in Resources */ = {isa = PBXBuildFile; fileRef = F172 /* camping_adventure_frame.png */; };
		B173 /* hot_air_balloon_frame.png in Resources */ = {isa = PBXBuildFile; fileRef = F173 /* hot_air_balloon_frame.png */; };
		B174 /* rainbow_train_frame.png in Resources */ = {isa = PBXBuildFile; fileRef = F174 /* rainbow_train_frame.png */; };
		B175 /* robot_lab_frame.png in Resources */ = {isa = PBXBuildFile; fileRef = F175 /* robot_lab_frame.png */; };
		B176 /* star_explorer_frame.png in Resources */ = {isa = PBXBuildFile; fileRef = F176 /* star_explorer_frame.png */; };
		B177 /* polaroid_heart_frame.png in Resources */ = {isa = PBXBuildFile; fileRef = F177 /* polaroid_heart_frame.png */; };
		B178 /* filmstrip_frame.png in Resources */ = {isa = PBXBuildFile; fileRef = F178 /* filmstrip_frame.png */; };
		B179 /* double_mat_bow_frame.png in Resources */ = {isa = PBXBuildFile; fileRef = F179 /* double_mat_bow_frame.png */; };
		B180 /* scalloped_postcard_frame.png in Resources */ = {isa = PBXBuildFile; fileRef = F180 /* scalloped_postcard_frame.png */; };
		B181 /* scrapbook_binder_frame.png in Resources */ = {isa = PBXBuildFile; fileRef = F181 /* scrapbook_binder_frame.png */; };
		B182 /* ticket_stub_frame.png in Resources */ = {isa = PBXBuildFile; fileRef = F182 /* ticket_stub_frame.png */; };
		B183 /* photo_corner_album_frame.png in Resources */ = {isa = PBXBuildFile; fileRef = F183 /* photo_corner_album_frame.png */; };
		B184 /* quilt_patchwork_frame.png in Resources */ = {isa = PBXBuildFile; fileRef = F184 /* quilt_patchwork_frame.png */; };
		B185 /* postage_stamp_frame.png in Resources */ = {isa = PBXBuildFile; fileRef = F185 /* postage_stamp_frame.png */; };
		B186 /* torn_paper_collage_frame.png in Resources */ = {isa = PBXBuildFile; fileRef = F186 /* torn_paper_collage_frame.png */; };
		B187 /* party_balloon_frame.png in Resources */ = {isa = PBXBuildFile; fileRef = F187 /* party_balloon_frame.png */; };
		B188 /* party_gift_frame.png in Resources */ = {isa = PBXBuildFile; fileRef = F188 /* party_gift_frame.png */; };
		B189 /* party_streamer_frame.png in Resources */ = {isa = PBXBuildFile; fileRef = F189 /* party_streamer_frame.png */; };
		B190 /* party_cupcake_frame.png in Resources */ = {isa = PBXBuildFile; fileRef = F190 /* party_cupcake_frame.png */; };
		B191 /* party_hat_frame.png in Resources */ = {isa = PBXBuildFile; fileRef = F191 /* party_hat_frame.png */; };
		B192 /* party_bunting_frame.png in Resources */ = {isa = PBXBuildFile; fileRef = F192 /* party_bunting_frame.png */; };
		B193 /* journal_spiral_frame.png in Resources */ = {isa = PBXBuildFile; fileRef = F193 /* journal_spiral_frame.png */; };
		B194 /* journal_washi_frame.png in Resources */ = {isa = PBXBuildFile; fileRef = F194 /* journal_washi_frame.png */; };
		B195 /* journal_corkboard_frame.png in Resources */ = {isa = PBXBuildFile; fileRef = F195 /* journal_corkboard_frame.png */; };
		B196 /* journal_envelope_frame.png in Resources */ = {isa = PBXBuildFile; fileRef = F196 /* journal_envelope_frame.png */; };
		B197 /* journal_ruler_frame.png in Resources */ = {isa = PBXBuildFile; fileRef = F197 /* journal_ruler_frame.png */; };
		B198 /* journal_flower_stickers_frame.png in Resources */ = {isa = PBXBuildFile; fileRef = F198 /* journal_flower_stickers_frame.png */; };
		B199 /* journal_ribbon_diary_frame.png in Resources */ = {isa = PBXBuildFile; fileRef = F199 /* journal_ribbon_diary_frame.png */; };
		B210 /* journal_craft_label_frame.png in Resources */ = {isa = PBXBuildFile; fileRef = F210 /* journal_craft_label_frame.png */; };
		B211 /* whimsy_toy_blocks_frame.png in Resources */ = {isa = PBXBuildFile; fileRef = F211 /* whimsy_toy_blocks_frame.png */; };
		B212 /* whimsy_puzzle_frame.png in Resources */ = {isa = PBXBuildFile; fileRef = F212 /* whimsy_puzzle_frame.png */; };
		B213 /* whimsy_potion_frame.png in Resources */ = {isa = PBXBuildFile; fileRef = F213 /* whimsy_potion_frame.png */; };
		B214 /* whimsy_monster_frame.png in Resources */ = {isa = PBXBuildFile; fileRef = F214 /* whimsy_monster_frame.png */; };
		B215 /* whimsy_train_frame.png in Resources */ = {isa = PBXBuildFile; fileRef = F215 /* whimsy_train_frame.png */; };
		B216 /* whimsy_space_frame.png in Resources */ = {isa = PBXBuildFile; fileRef = F216 /* whimsy_space_frame.png */; };
		B217 /* whimsy_gears_frame.png in Resources */ = {isa = PBXBuildFile; fileRef = F217 /* whimsy_gears_frame.png */; };
		B201 /* StickerCanvasTests.swift in Sources */ = {isa = PBXBuildFile; fileRef = F201 /* StickerCanvasTests.swift */; };
		B202 /* StickerRenderTransformTests.swift in Sources */ = {isa = PBXBuildFile; fileRef = F202 /* StickerRenderTransformTests.swift */; };
		B203 /* CollageTests.swift in Sources */ = {isa = PBXBuildFile; fileRef = F203 /* CollageTests.swift */; };
		B218 /* DoodleTests.swift in Sources */ = {isa = PBXBuildFile; fileRef = F218 /* DoodleTests.swift */; };
		B219 /* RecentUsageTests.swift in Sources */ = {isa = PBXBuildFile; fileRef = F219 /* RecentUsageTests.swift */; };
/* End PBXBuildFile section */

/* Begin PBXContainerItemProxy section */
		P001 /* PBXContainerItemProxy */ = {
			isa = PBXContainerItemProxy;
			containerPortal = P000 /* Project object */;
			proxyType = 1;
			remoteGlobalIDString = T001;
			remoteInfo = CuteStickerCamera;
		};
/* End PBXContainerItemProxy section */

/* Begin PBXFileReference section */
		F401 /* PictureInPictureLayout.swift */ = {isa = PBXFileReference; lastKnownFileType = sourcecode.swift; path = PictureInPictureLayout.swift; sourceTree = "<group>"; };
		F302 /* DualCameraSession.swift */ = {isa = PBXFileReference; lastKnownFileType = sourcecode.swift; path = DualCameraSession.swift; sourceTree = "<group>"; };
		F303 /* PictureInPicturePreview.swift */ = {isa = PBXFileReference; lastKnownFileType = sourcecode.swift; path = PictureInPicturePreview.swift; sourceTree = "<group>"; };
		F304 /* RearCameraSelection.swift */ = {isa = PBXFileReference; lastKnownFileType = sourcecode.swift; path = RearCameraSelection.swift; sourceTree = "<group>"; };
		F001 /* CuteStickerCameraApp.swift */ = {isa = PBXFileReference; lastKnownFileType = sourcecode.swift; path = CuteStickerCameraApp.swift; sourceTree = "<group>"; };
		F002 /* CameraService.swift */ = {isa = PBXFileReference; lastKnownFileType = sourcecode.swift; path = CameraService.swift; sourceTree = "<group>"; };
		F003 /* CameraPreview.swift */ = {isa = PBXFileReference; lastKnownFileType = sourcecode.swift; path = CameraPreview.swift; sourceTree = "<group>"; };
		F004 /* StickerLayer.swift */ = {isa = PBXFileReference; lastKnownFileType = sourcecode.swift; path = StickerLayer.swift; sourceTree = "<group>"; };
		F005 /* StickerCanvas.swift */ = {isa = PBXFileReference; lastKnownFileType = sourcecode.swift; path = StickerCanvas.swift; sourceTree = "<group>"; };
		F006 /* StickerRenderTransform.swift */ = {isa = PBXFileReference; lastKnownFileType = sourcecode.swift; path = StickerRenderTransform.swift; sourceTree = "<group>"; };
		F007 /* PhotoComposer.swift */ = {isa = PBXFileReference; lastKnownFileType = sourcecode.swift; path = PhotoComposer.swift; sourceTree = "<group>"; };
		F008 /* PhotoLibrarySaver.swift */ = {isa = PBXFileReference; lastKnownFileType = sourcecode.swift; path = PhotoLibrarySaver.swift; sourceTree = "<group>"; };
		F009 /* StickerCanvasView.swift */ = {isa = PBXFileReference; lastKnownFileType = sourcecode.swift; path = StickerCanvasView.swift; sourceTree = "<group>"; };
		F010 /* StickerTrayView.swift */ = {isa = PBXFileReference; lastKnownFileType = sourcecode.swift; path = StickerTrayView.swift; sourceTree = "<group>"; };
		F011 /* CameraScreen.swift */ = {isa = PBXFileReference; lastKnownFileType = sourcecode.swift; path = CameraScreen.swift; sourceTree = "<group>"; };
		F012 /* Info.plist */ = {isa = PBXFileReference; lastKnownFileType = text.plist.xml; path = Info.plist; sourceTree = "<group>"; };
		F013 /* Assets.xcassets */ = {isa = PBXFileReference; lastKnownFileType = folder.assetcatalog; path = Assets.xcassets; sourceTree = "<group>"; };
		F014 /* FrameStyle.swift */ = {isa = PBXFileReference; lastKnownFileType = sourcecode.swift; path = FrameStyle.swift; sourceTree = "<group>"; };
		F015 /* FrameOverlayView.swift */ = {isa = PBXFileReference; lastKnownFileType = sourcecode.swift; path = FrameOverlayView.swift; sourceTree = "<group>"; };
		F016 /* FrameTrayView.swift */ = {isa = PBXFileReference; lastKnownFileType = sourcecode.swift; path = FrameTrayView.swift; sourceTree = "<group>"; };
		F035 /* CollageGridView.swift */ = {isa = PBXFileReference; lastKnownFileType = sourcecode.swift; path = CollageGridView.swift; sourceTree = "<group>"; };
		F036 /* CollageProgressView.swift */ = {isa = PBXFileReference; lastKnownFileType = sourcecode.swift; path = CollageProgressView.swift; sourceTree = "<group>"; };
		F037 /* CollageTrayView.swift */ = {isa = PBXFileReference; lastKnownFileType = sourcecode.swift; path = CollageTrayView.swift; sourceTree = "<group>"; };
		F040 /* TrayContainer.swift */ = {isa = PBXFileReference; lastKnownFileType = sourcecode.swift; path = TrayContainer.swift; sourceTree = "<group>"; };
		F041 /* GlassControls.swift */ = {isa = PBXFileReference; lastKnownFileType = sourcecode.swift; path = GlassControls.swift; sourceTree = "<group>"; };
		F043 /* DoodleCanvasView.swift */ = {isa = PBXFileReference; lastKnownFileType = sourcecode.swift; path = DoodleCanvasView.swift; sourceTree = "<group>"; };
		F044 /* DoodleToolbar.swift */ = {isa = PBXFileReference; lastKnownFileType = sourcecode.swift; path = DoodleToolbar.swift; sourceTree = "<group>"; };
		F017 /* PhotoSaveTracker.swift */ = {isa = PBXFileReference; lastKnownFileType = sourcecode.swift; path = PhotoSaveTracker.swift; sourceTree = "<group>"; };
		F018 /* CameraSoundPreference.swift */ = {isa = PBXFileReference; lastKnownFileType = sourcecode.swift; path = CameraSoundPreference.swift; sourceTree = "<group>"; };
		F019 /* CameraShutterEffect.swift */ = {isa = PBXFileReference; lastKnownFileType = sourcecode.swift; path = CameraShutterEffect.swift; sourceTree = "<group>"; };
		F020 /* StickerCatalog.swift */ = {isa = PBXFileReference; lastKnownFileType = sourcecode.swift; path = StickerCatalog.swift; sourceTree = "<group>"; };
		F021 /* CameraScreenChrome.swift */ = {isa = PBXFileReference; lastKnownFileType = sourcecode.swift; path = CameraScreenChrome.swift; sourceTree = "<group>"; };
		F022 /* CameraAspectRatio.swift */ = {isa = PBXFileReference; lastKnownFileType = sourcecode.swift; path = CameraAspectRatio.swift; sourceTree = "<group>"; };
		F023 /* CameraControlGrouping.swift */ = {isa = PBXFileReference; lastKnownFileType = sourcecode.swift; path = CameraControlGrouping.swift; sourceTree = "<group>"; };
		F024 /* StickerImageProvider.swift */ = {isa = PBXFileReference; lastKnownFileType = sourcecode.swift; path = StickerImageProvider.swift; sourceTree = "<group>"; };
		F032 /* ImageCropping.swift */ = {isa = PBXFileReference; lastKnownFileType = sourcecode.swift; path = ImageCropping.swift; sourceTree = "<group>"; };
		F033 /* CollageComposer.swift */ = {isa = PBXFileReference; lastKnownFileType = sourcecode.swift; path = CollageComposer.swift; sourceTree = "<group>"; };
		F039 /* FrameRenderer.swift */ = {isa = PBXFileReference; lastKnownFileType = sourcecode.swift; path = FrameRenderer.swift; sourceTree = "<group>"; };
		F034 /* CollageDecorationRenderer.swift */ = {isa = PBXFileReference; lastKnownFileType = sourcecode.swift; path = CollageDecorationRenderer.swift; sourceTree = "<group>"; };
		F025 /* RecentPhotoStore.swift */ = {isa = PBXFileReference; lastKnownFileType = sourcecode.swift; path = RecentPhotoStore.swift; sourceTree = "<group>"; };
		F026 /* CameraTimerPreference.swift */ = {isa = PBXFileReference; lastKnownFileType = sourcecode.swift; path = CameraTimerPreference.swift; sourceTree = "<group>"; };
		F027 /* TimerCountdownAnimation.swift */ = {isa = PBXFileReference; lastKnownFileType = sourcecode.swift; path = TimerCountdownAnimation.swift; sourceTree = "<group>"; };
		F028 /* CameraSwitchAnimation.swift */ = {isa = PBXFileReference; lastKnownFileType = sourcecode.swift; path = CameraSwitchAnimation.swift; sourceTree = "<group>"; };
		F029 /* CollageLayout.swift */ = {isa = PBXFileReference; lastKnownFileType = sourcecode.swift; path = CollageLayout.swift; sourceTree = "<group>"; };
		F030 /* CollageStyle.swift */ = {isa = PBXFileReference; lastKnownFileType = sourcecode.swift; path = CollageStyle.swift; sourceTree = "<group>"; };
		F031 /* CollageSession.swift */ = {isa = PBXFileReference; lastKnownFileType = sourcecode.swift; path = CollageSession.swift; sourceTree = "<group>"; };
		F042 /* DoodleTool.swift */ = {isa = PBXFileReference; lastKnownFileType = sourcecode.swift; path = DoodleTool.swift; sourceTree = "<group>"; };
		F045 /* RecentUsage.swift */ = {isa = PBXFileReference; lastKnownFileType = sourcecode.swift; path = RecentUsage.swift; sourceTree = "<group>"; };
		F038 /* CollageOverlayLayout.swift */ = {isa = PBXFileReference; lastKnownFileType = sourcecode.swift; path = CollageOverlayLayout.swift; sourceTree = "<group>"; };
		F102 /* kitten.png */ = {isa = PBXFileReference; lastKnownFileType = image.png; path = kitten.png; sourceTree = "<group>"; };
		F103 /* puppy.png */ = {isa = PBXFileReference; lastKnownFileType = image.png; path = puppy.png; sourceTree = "<group>"; };
		F104 /* panda.png */ = {isa = PBXFileReference; lastKnownFileType = image.png; path = panda.png; sourceTree = "<group>"; };
		F109 /* strawberry.png */ = {isa = PBXFileReference; lastKnownFileType = image.png; path = strawberry.png; sourceTree = "<group>"; };
		F110 /* cupcake.png */ = {isa = PBXFileReference; lastKnownFileType = image.png; path = cupcake.png; sourceTree = "<group>"; };
		F114 /* dinosaur.png */ = {isa = PBXFileReference; lastKnownFileType = image.png; path = dinosaur.png; sourceTree = "<group>"; };
		F115 /* cloud.png */ = {isa = PBXFileReference; lastKnownFileType = image.png; path = cloud.png; sourceTree = "<group>"; };
		F126 /* princess_hair.png */ = {isa = PBXFileReference; lastKnownFileType = image.png; path = princess_hair.png; sourceTree = "<group>"; };
		F127 /* bow_hairclip.png */ = {isa = PBXFileReference; lastKnownFileType = image.png; path = bow_hairclip.png; sourceTree = "<group>"; };
		F128 /* pearl_hairpin.png */ = {isa = PBXFileReference; lastKnownFileType = image.png; path = pearl_hairpin.png; sourceTree = "<group>"; };
		F129 /* king_crown.png */ = {isa = PBXFileReference; lastKnownFileType = image.png; path = king_crown.png; sourceTree = "<group>"; };
		F130 /* ice_queen_crown.png */ = {isa = PBXFileReference; lastKnownFileType = image.png; path = ice_queen_crown.png; sourceTree = "<group>"; };
		F131 /* magic_glasses.png */ = {isa = PBXFileReference; lastKnownFileType = image.png; path = magic_glasses.png; sourceTree = "<group>"; };
		F132 /* fairy_wings.png */ = {isa = PBXFileReference; lastKnownFileType = image.png; path = fairy_wings.png; sourceTree = "<group>"; };
		F133 /* star_twin_tails.png */ = {isa = PBXFileReference; lastKnownFileType = image.png; path = star_twin_tails.png; sourceTree = "<group>"; };
		F134 /* heart_gem_tiara.png */ = {isa = PBXFileReference; lastKnownFileType = image.png; path = heart_gem_tiara.png; sourceTree = "<group>"; };
		F135 /* bunny_bow.png */ = {isa = PBXFileReference; lastKnownFileType = image.png; path = bunny_bow.png; sourceTree = "<group>"; };
		F136 /* strawberry_macaron.png */ = {isa = PBXFileReference; lastKnownFileType = image.png; path = strawberry_macaron.png; sourceTree = "<group>"; };
		F137 /* heart_sunglasses.png */ = {isa = PBXFileReference; lastKnownFileType = image.png; path = heart_sunglasses.png; sourceTree = "<group>"; };
		F138 /* star_wand.png */ = {isa = PBXFileReference; lastKnownFileType = image.png; path = star_wand.png; sourceTree = "<group>"; };
		F139 /* hair_sticker_sheet.png */ = {isa = PBXFileReference; lastKnownFileType = image.png; path = hair_sticker_sheet.png; sourceTree = "<group>"; };
		F140 /* crown_sticker_sheet.png */ = {isa = PBXFileReference; lastKnownFileType = image.png; path = crown_sticker_sheet.png; sourceTree = "<group>"; };
		F141 /* animal_sticker_sheet.png */ = {isa = PBXFileReference; lastKnownFileType = image.png; path = animal_sticker_sheet.png; sourceTree = "<group>"; };
		F142 /* sweet_sticker_sheet.png */ = {isa = PBXFileReference; lastKnownFileType = image.png; path = sweet_sticker_sheet.png; sourceTree = "<group>"; };
		F143 /* accessory_sticker_sheet.png */ = {isa = PBXFileReference; lastKnownFileType = image.png; path = accessory_sticker_sheet.png; sourceTree = "<group>"; };
		F144 /* magic_sticker_sheet.png */ = {isa = PBXFileReference; lastKnownFileType = image.png; path = magic_sticker_sheet.png; sourceTree = "<group>"; };
		F118 /* strawberry_bow_frame.png */ = {isa = PBXFileReference; lastKnownFileType = image.png; path = strawberry_bow_frame.png; sourceTree = "<group>"; };
		F119 /* sky_cloud_frame.png */ = {isa = PBXFileReference; lastKnownFileType = image.png; path = sky_cloud_frame.png; sourceTree = "<group>"; };
		F120 /* crayon_doodle_frame.png */ = {isa = PBXFileReference; lastKnownFileType = image.png; path = crayon_doodle_frame.png; sourceTree = "<group>"; };
		F121 /* starry_moon_frame.png */ = {isa = PBXFileReference; lastKnownFileType = image.png; path = starry_moon_frame.png; sourceTree = "<group>"; };
		F122 /* teddy_picnic_frame.png */ = {isa = PBXFileReference; lastKnownFileType = image.png; path = teddy_picnic_frame.png; sourceTree = "<group>"; };
		F123 /* ocean_shell_frame.png */ = {isa = PBXFileReference; lastKnownFileType = image.png; path = ocean_shell_frame.png; sourceTree = "<group>"; };
		F124 /* fairy_garden_frame.png */ = {isa = PBXFileReference; lastKnownFileType = image.png; path = fairy_garden_frame.png; sourceTree = "<group>"; };
		F125 /* candy_party_frame.png */ = {isa = PBXFileReference; lastKnownFileType = image.png; path = candy_party_frame.png; sourceTree = "<group>"; };
		F145 /* ice_crystal_frame.png */ = {isa = PBXFileReference; lastKnownFileType = image.png; path = ice_crystal_frame.png; sourceTree = "<group>"; };
		F146 /* coral_reef_frame.png */ = {isa = PBXFileReference; lastKnownFileType = image.png; path = coral_reef_frame.png; sourceTree = "<group>"; };
		F147 /* rainbow_cloud_frame.png */ = {isa = PBXFileReference; lastKnownFileType = image.png; path = rainbow_cloud_frame.png; sourceTree = "<group>"; };
		F148 /* magic_ribbon_frame.png */ = {isa = PBXFileReference; lastKnownFileType = image.png; path = magic_ribbon_frame.png; sourceTree = "<group>"; };
		F149 /* strawberry_picnic_frame.png */ = {isa = PBXFileReference; lastKnownFileType = image.png; path = strawberry_picnic_frame.png; sourceTree = "<group>"; };
		F150 /* space_rocket_frame.png */ = {isa = PBXFileReference; lastKnownFileType = image.png; path = space_rocket_frame.png; sourceTree = "<group>"; };
		F151 /* mushroom_forest_frame.png */ = {isa = PBXFileReference; lastKnownFileType = image.png; path = mushroom_forest_frame.png; sourceTree = "<group>"; };
		F152 /* butterfly_garden_frame.png */ = {isa = PBXFileReference; lastKnownFileType = image.png; path = butterfly_garden_frame.png; sourceTree = "<group>"; };
		F153 /* dinosaur_adventure_frame.png */ = {isa = PBXFileReference; lastKnownFileType = image.png; path = dinosaur_adventure_frame.png; sourceTree = "<group>"; };
		F154 /* pirate_treasure_frame.png */ = {isa = PBXFileReference; lastKnownFileType = image.png; path = pirate_treasure_frame.png; sourceTree = "<group>"; };
		F155 /* cherry_ballet_frame.png */ = {isa = PBXFileReference; lastKnownFileType = image.png; path = cherry_ballet_frame.png; sourceTree = "<group>"; };
		F156 /* cupcake_sprinkle_frame.png */ = {isa = PBXFileReference; lastKnownFileType = image.png; path = cupcake_sprinkle_frame.png; sourceTree = "<group>"; };
		F157 /* peach_soda_frame.png */ = {isa = PBXFileReference; lastKnownFileType = image.png; path = peach_soda_frame.png; sourceTree = "<group>"; };
		F158 /* cookie_garden_frame.png */ = {isa = PBXFileReference; lastKnownFileType = image.png; path = cookie_garden_frame.png; sourceTree = "<group>"; };
		F159 /* rainbow_cake_frame.png */ = {isa = PBXFileReference; lastKnownFileType = image.png; path = rainbow_cake_frame.png; sourceTree = "<group>"; };
		F160 /* jelly_star_frame.png */ = {isa = PBXFileReference; lastKnownFileType = image.png; path = jelly_star_frame.png; sourceTree = "<group>"; };
		F161 /* candy_carousel_frame.png */ = {isa = PBXFileReference; lastKnownFileType = image.png; path = candy_carousel_frame.png; sourceTree = "<group>"; };
		F162 /* aurora_castle_frame.png */ = {isa = PBXFileReference; lastKnownFileType = image.png; path = aurora_castle_frame.png; sourceTree = "<group>"; };
		F163 /* cloud_balloon_frame.png */ = {isa = PBXFileReference; lastKnownFileType = image.png; path = cloud_balloon_frame.png; sourceTree = "<group>"; };
		F164 /* moon_bunny_frame.png */ = {isa = PBXFileReference; lastKnownFileType = image.png; path = moon_bunny_frame.png; sourceTree = "<group>"; };
		F165 /* crystal_wish_frame.png */ = {isa = PBXFileReference; lastKnownFileType = image.png; path = crystal_wish_frame.png; sourceTree = "<group>"; };
		F166 /* sunflower_meadow_frame.png */ = {isa = PBXFileReference; lastKnownFileType = image.png; path = sunflower_meadow_frame.png; sourceTree = "<group>"; };
		F167 /* ladybug_picnic_frame.png */ = {isa = PBXFileReference; lastKnownFileType = image.png; path = ladybug_picnic_frame.png; sourceTree = "<group>"; };
		F168 /* clover_garden_frame.png */ = {isa = PBXFileReference; lastKnownFileType = image.png; path = clover_garden_frame.png; sourceTree = "<group>"; };
		F169 /* autumn_acorn_frame.png */ = {isa = PBXFileReference; lastKnownFileType = image.png; path = autumn_acorn_frame.png; sourceTree = "<group>"; };
		F170 /* submarine_sea_frame.png */ = {isa = PBXFileReference; lastKnownFileType = image.png; path = submarine_sea_frame.png; sourceTree = "<group>"; };
		F171 /* safari_journey_frame.png */ = {isa = PBXFileReference; lastKnownFileType = image.png; path = safari_journey_frame.png; sourceTree = "<group>"; };
		F172 /* camping_adventure_frame.png */ = {isa = PBXFileReference; lastKnownFileType = image.png; path = camping_adventure_frame.png; sourceTree = "<group>"; };
		F173 /* hot_air_balloon_frame.png */ = {isa = PBXFileReference; lastKnownFileType = image.png; path = hot_air_balloon_frame.png; sourceTree = "<group>"; };
		F174 /* rainbow_train_frame.png */ = {isa = PBXFileReference; lastKnownFileType = image.png; path = rainbow_train_frame.png; sourceTree = "<group>"; };
		F175 /* robot_lab_frame.png */ = {isa = PBXFileReference; lastKnownFileType = image.png; path = robot_lab_frame.png; sourceTree = "<group>"; };
		F176 /* star_explorer_frame.png */ = {isa = PBXFileReference; lastKnownFileType = image.png; path = star_explorer_frame.png; sourceTree = "<group>"; };
		F177 /* polaroid_heart_frame.png */ = {isa = PBXFileReference; lastKnownFileType = image.png; path = polaroid_heart_frame.png; sourceTree = "<group>"; };
		F178 /* filmstrip_frame.png */ = {isa = PBXFileReference; lastKnownFileType = image.png; path = filmstrip_frame.png; sourceTree = "<group>"; };
		F179 /* double_mat_bow_frame.png */ = {isa = PBXFileReference; lastKnownFileType = image.png; path = double_mat_bow_frame.png; sourceTree = "<group>"; };
		F180 /* scalloped_postcard_frame.png */ = {isa = PBXFileReference; lastKnownFileType = image.png; path = scalloped_postcard_frame.png; sourceTree = "<group>"; };
		F181 /* scrapbook_binder_frame.png */ = {isa = PBXFileReference; lastKnownFileType = image.png; path = scrapbook_binder_frame.png; sourceTree = "<group>"; };
		F182 /* ticket_stub_frame.png */ = {isa = PBXFileReference; lastKnownFileType = image.png; path = ticket_stub_frame.png; sourceTree = "<group>"; };
		F183 /* photo_corner_album_frame.png */ = {isa = PBXFileReference; lastKnownFileType = image.png; path = photo_corner_album_frame.png; sourceTree = "<group>"; };
		F184 /* quilt_patchwork_frame.png */ = {isa = PBXFileReference; lastKnownFileType = image.png; path = quilt_patchwork_frame.png; sourceTree = "<group>"; };
		F185 /* postage_stamp_frame.png */ = {isa = PBXFileReference; lastKnownFileType = image.png; path = postage_stamp_frame.png; sourceTree = "<group>"; };
		F186 /* torn_paper_collage_frame.png */ = {isa = PBXFileReference; lastKnownFileType = image.png; path = torn_paper_collage_frame.png; sourceTree = "<group>"; };
		F187 /* party_balloon_frame.png */ = {isa = PBXFileReference; lastKnownFileType = image.png; path = party_balloon_frame.png; sourceTree = "<group>"; };
		F188 /* party_gift_frame.png */ = {isa = PBXFileReference; lastKnownFileType = image.png; path = party_gift_frame.png; sourceTree = "<group>"; };
		F189 /* party_streamer_frame.png */ = {isa = PBXFileReference; lastKnownFileType = image.png; path = party_streamer_frame.png; sourceTree = "<group>"; };
		F190 /* party_cupcake_frame.png */ = {isa = PBXFileReference; lastKnownFileType = image.png; path = party_cupcake_frame.png; sourceTree = "<group>"; };
		F191 /* party_hat_frame.png */ = {isa = PBXFileReference; lastKnownFileType = image.png; path = party_hat_frame.png; sourceTree = "<group>"; };
		F192 /* party_bunting_frame.png */ = {isa = PBXFileReference; lastKnownFileType = image.png; path = party_bunting_frame.png; sourceTree = "<group>"; };
		F193 /* journal_spiral_frame.png */ = {isa = PBXFileReference; lastKnownFileType = image.png; path = journal_spiral_frame.png; sourceTree = "<group>"; };
		F194 /* journal_washi_frame.png */ = {isa = PBXFileReference; lastKnownFileType = image.png; path = journal_washi_frame.png; sourceTree = "<group>"; };
		F195 /* journal_corkboard_frame.png */ = {isa = PBXFileReference; lastKnownFileType = image.png; path = journal_corkboard_frame.png; sourceTree = "<group>"; };
		F196 /* journal_envelope_frame.png */ = {isa = PBXFileReference; lastKnownFileType = image.png; path = journal_envelope_frame.png; sourceTree = "<group>"; };
		F197 /* journal_ruler_frame.png */ = {isa = PBXFileReference; lastKnownFileType = image.png; path = journal_ruler_frame.png; sourceTree = "<group>"; };
		F198 /* journal_flower_stickers_frame.png */ = {isa = PBXFileReference; lastKnownFileType = image.png; path = journal_flower_stickers_frame.png; sourceTree = "<group>"; };
		F199 /* journal_ribbon_diary_frame.png */ = {isa = PBXFileReference; lastKnownFileType = image.png; path = journal_ribbon_diary_frame.png; sourceTree = "<group>"; };
		F210 /* journal_craft_label_frame.png */ = {isa = PBXFileReference; lastKnownFileType = image.png; path = journal_craft_label_frame.png; sourceTree = "<group>"; };
		F211 /* whimsy_toy_blocks_frame.png */ = {isa = PBXFileReference; lastKnownFileType = image.png; path = whimsy_toy_blocks_frame.png; sourceTree = "<group>"; };
		F212 /* whimsy_puzzle_frame.png */ = {isa = PBXFileReference; lastKnownFileType = image.png; path = whimsy_puzzle_frame.png; sourceTree = "<group>"; };
		F213 /* whimsy_potion_frame.png */ = {isa = PBXFileReference; lastKnownFileType = image.png; path = whimsy_potion_frame.png; sourceTree = "<group>"; };
		F214 /* whimsy_monster_frame.png */ = {isa = PBXFileReference; lastKnownFileType = image.png; path = whimsy_monster_frame.png; sourceTree = "<group>"; };
		F215 /* whimsy_train_frame.png */ = {isa = PBXFileReference; lastKnownFileType = image.png; path = whimsy_train_frame.png; sourceTree = "<group>"; };
		F216 /* whimsy_space_frame.png */ = {isa = PBXFileReference; lastKnownFileType = image.png; path = whimsy_space_frame.png; sourceTree = "<group>"; };
		F217 /* whimsy_gears_frame.png */ = {isa = PBXFileReference; lastKnownFileType = image.png; path = whimsy_gears_frame.png; sourceTree = "<group>"; };
		F201 /* StickerCanvasTests.swift */ = {isa = PBXFileReference; lastKnownFileType = sourcecode.swift; path = StickerCanvasTests.swift; sourceTree = "<group>"; };
		F202 /* StickerRenderTransformTests.swift */ = {isa = PBXFileReference; lastKnownFileType = sourcecode.swift; path = StickerRenderTransformTests.swift; sourceTree = "<group>"; };
		F203 /* CollageTests.swift */ = {isa = PBXFileReference; lastKnownFileType = sourcecode.swift; path = CollageTests.swift; sourceTree = "<group>"; };
		F218 /* DoodleTests.swift */ = {isa = PBXFileReference; lastKnownFileType = sourcecode.swift; path = DoodleTests.swift; sourceTree = "<group>"; };
		F219 /* RecentUsageTests.swift */ = {isa = PBXFileReference; lastKnownFileType = sourcecode.swift; path = RecentUsageTests.swift; sourceTree = "<group>"; };
		F300 /* CuteStickerCamera.app */ = {isa = PBXFileReference; explicitFileType = wrapper.application; includeInIndex = 0; path = CuteStickerCamera.app; sourceTree = BUILT_PRODUCTS_DIR; };
		F301 /* CuteStickerCameraTests.xctest */ = {isa = PBXFileReference; explicitFileType = wrapper.cfbundle; includeInIndex = 0; path = CuteStickerCameraTests.xctest; sourceTree = BUILT_PRODUCTS_DIR; };
/* End PBXFileReference section */

/* Begin PBXFrameworksBuildPhase section */
		P001F /* Frameworks */ = {
			isa = PBXFrameworksBuildPhase;
			buildActionMask = 2147483647;
			files = (
			);
			runOnlyForDeploymentPostprocessing = 0;
		};
		P201F /* Frameworks */ = {
			isa = PBXFrameworksBuildPhase;
			buildActionMask = 2147483647;
			files = (
			);
			runOnlyForDeploymentPostprocessing = 0;
		};
/* End PBXFrameworksBuildPhase section */

/* Begin PBXGroup section */
		P100 = {
			isa = PBXGroup;
			children = (
				P101 /* CuteStickerCamera */,
				P200 /* CuteStickerCameraTests */,
				P300 /* Products */,
			);
			sourceTree = "<group>";
		};
		P101 /* CuteStickerCamera */ = {
			isa = PBXGroup;
			children = (
				P102 /* App */,
				P103 /* Camera */,
				P104 /* Core */,
				P105 /* Services */,
				P106 /* Views */,
				P107 /* Resources */,
			);
			path = CuteStickerCamera;
			sourceTree = "<group>";
		};
		P102 /* App */ = {
			isa = PBXGroup;
			children = (
				F001 /* CuteStickerCameraApp.swift */,
			);
			path = App;
			sourceTree = "<group>";
		};
		P103 /* Camera */ = {
			isa = PBXGroup;
			children = (
				F002 /* CameraService.swift */,
				F003 /* CameraPreview.swift */,
				F302 /* DualCameraSession.swift */,
			);
			path = Camera;
			sourceTree = "<group>";
		};
		P104 /* Core */ = {
			isa = PBXGroup;
			children = (
				F004 /* StickerLayer.swift */,
				F005 /* StickerCanvas.swift */,
				F020 /* StickerCatalog.swift */,
				F021 /* CameraScreenChrome.swift */,
				F022 /* CameraAspectRatio.swift */,
				F023 /* CameraControlGrouping.swift */,
				F401 /* PictureInPictureLayout.swift */,
				F304 /* RearCameraSelection.swift */,
				F006 /* StickerRenderTransform.swift */,
				F014 /* FrameStyle.swift */,
				F017 /* PhotoSaveTracker.swift */,
				F018 /* CameraSoundPreference.swift */,
				F025 /* RecentPhotoStore.swift */,
				F026 /* CameraTimerPreference.swift */,
				F027 /* TimerCountdownAnimation.swift */,
				F028 /* CameraSwitchAnimation.swift */,
				F029 /* CollageLayout.swift */,
				F030 /* CollageStyle.swift */,
				F031 /* CollageSession.swift */,
				F042 /* DoodleTool.swift */,
				F045 /* RecentUsage.swift */,
				F038 /* CollageOverlayLayout.swift */,
			);
			path = Core;
			sourceTree = "<group>";
		};
		P105 /* Services */ = {
			isa = PBXGroup;
			children = (
				F007 /* PhotoComposer.swift */,
				F008 /* PhotoLibrarySaver.swift */,
				F019 /* CameraShutterEffect.swift */,
				F024 /* StickerImageProvider.swift */,
				F032 /* ImageCropping.swift */,
				F033 /* CollageComposer.swift */,
				F039 /* FrameRenderer.swift */,
				F034 /* CollageDecorationRenderer.swift */,
			);
			path = Services;
			sourceTree = "<group>";
		};
		P106 /* Views */ = {
			isa = PBXGroup;
			children = (
				F009 /* StickerCanvasView.swift */,
				F010 /* StickerTrayView.swift */,
				F011 /* CameraScreen.swift */,
				F303 /* PictureInPicturePreview.swift */,
				F015 /* FrameOverlayView.swift */,
				F016 /* FrameTrayView.swift */,
				F035 /* CollageGridView.swift */,
				F036 /* CollageProgressView.swift */,
				F037 /* CollageTrayView.swift */,
				F040 /* TrayContainer.swift */,
				F041 /* GlassControls.swift */,
				F043 /* DoodleCanvasView.swift */,
				F044 /* DoodleToolbar.swift */,
			);
			path = Views;
			sourceTree = "<group>";
		};
		P107 /* Resources */ = {
			isa = PBXGroup;
			children = (
				F012 /* Info.plist */,
				F013 /* Assets.xcassets */,
				P108 /* Stickers */,
				P109 /* Frames */,
			);
			path = Resources;
			sourceTree = "<group>";
		};
		P108 /* Stickers */ = {
			isa = PBXGroup;
			children = (
				F126 /* princess_hair.png */,
				F127 /* bow_hairclip.png */,
				F128 /* pearl_hairpin.png */,
				F129 /* king_crown.png */,
				F130 /* ice_queen_crown.png */,
				F131 /* magic_glasses.png */,
				F132 /* fairy_wings.png */,
				F133 /* star_twin_tails.png */,
				F134 /* heart_gem_tiara.png */,
				F135 /* bunny_bow.png */,
				F136 /* strawberry_macaron.png */,
				F137 /* heart_sunglasses.png */,
				F138 /* star_wand.png */,
				F139 /* hair_sticker_sheet.png */,
				F140 /* crown_sticker_sheet.png */,
				F141 /* animal_sticker_sheet.png */,
				F142 /* sweet_sticker_sheet.png */,
				F143 /* accessory_sticker_sheet.png */,
				F144 /* magic_sticker_sheet.png */,
				F102 /* kitten.png */,
				F103 /* puppy.png */,
				F104 /* panda.png */,
				F109 /* strawberry.png */,
				F110 /* cupcake.png */,
				F114 /* dinosaur.png */,
				F115 /* cloud.png */,
			);
			path = Stickers;
			sourceTree = "<group>";
		};
		P109 /* Frames */ = {
			isa = PBXGroup;
			children = (
				F118 /* strawberry_bow_frame.png */,
				F119 /* sky_cloud_frame.png */,
				F120 /* crayon_doodle_frame.png */,
				F121 /* starry_moon_frame.png */,
				F122 /* teddy_picnic_frame.png */,
				F123 /* ocean_shell_frame.png */,
				F124 /* fairy_garden_frame.png */,
				F125 /* candy_party_frame.png */,
				F145 /* ice_crystal_frame.png */,
				F146 /* coral_reef_frame.png */,
				F147 /* rainbow_cloud_frame.png */,
				F148 /* magic_ribbon_frame.png */,
				F149 /* strawberry_picnic_frame.png */,
				F150 /* space_rocket_frame.png */,
				F151 /* mushroom_forest_frame.png */,
				F152 /* butterfly_garden_frame.png */,
				F153 /* dinosaur_adventure_frame.png */,
				F154 /* pirate_treasure_frame.png */,
				F155 /* cherry_ballet_frame.png */,
				F156 /* cupcake_sprinkle_frame.png */,
				F157 /* peach_soda_frame.png */,
				F158 /* cookie_garden_frame.png */,
				F159 /* rainbow_cake_frame.png */,
				F160 /* jelly_star_frame.png */,
				F161 /* candy_carousel_frame.png */,
				F162 /* aurora_castle_frame.png */,
				F163 /* cloud_balloon_frame.png */,
				F164 /* moon_bunny_frame.png */,
				F165 /* crystal_wish_frame.png */,
				F166 /* sunflower_meadow_frame.png */,
				F167 /* ladybug_picnic_frame.png */,
				F168 /* clover_garden_frame.png */,
				F169 /* autumn_acorn_frame.png */,
				F170 /* submarine_sea_frame.png */,
				F171 /* safari_journey_frame.png */,
				F172 /* camping_adventure_frame.png */,
				F173 /* hot_air_balloon_frame.png */,
				F174 /* rainbow_train_frame.png */,
				F175 /* robot_lab_frame.png */,
				F176 /* star_explorer_frame.png */,
				F177 /* polaroid_heart_frame.png */,
				F178 /* filmstrip_frame.png */,
				F179 /* double_mat_bow_frame.png */,
				F180 /* scalloped_postcard_frame.png */,
				F181 /* scrapbook_binder_frame.png */,
				F182 /* ticket_stub_frame.png */,
				F183 /* photo_corner_album_frame.png */,
				F184 /* quilt_patchwork_frame.png */,
				F185 /* postage_stamp_frame.png */,
				F186 /* torn_paper_collage_frame.png */,
				F187 /* party_balloon_frame.png */,
				F188 /* party_gift_frame.png */,
				F189 /* party_streamer_frame.png */,
				F190 /* party_cupcake_frame.png */,
				F191 /* party_hat_frame.png */,
				F192 /* party_bunting_frame.png */,
				F193 /* journal_spiral_frame.png */,
				F194 /* journal_washi_frame.png */,
				F195 /* journal_corkboard_frame.png */,
				F196 /* journal_envelope_frame.png */,
				F197 /* journal_ruler_frame.png */,
				F198 /* journal_flower_stickers_frame.png */,
				F199 /* journal_ribbon_diary_frame.png */,
				F210 /* journal_craft_label_frame.png */,
				F211 /* whimsy_toy_blocks_frame.png */,
				F212 /* whimsy_puzzle_frame.png */,
				F213 /* whimsy_potion_frame.png */,
				F214 /* whimsy_monster_frame.png */,
				F215 /* whimsy_train_frame.png */,
				F216 /* whimsy_space_frame.png */,
				F217 /* whimsy_gears_frame.png */,
			);
			path = Frames;
			sourceTree = "<group>";
		};
		P200 /* CuteStickerCameraTests */ = {
			isa = PBXGroup;
			children = (
				P201 /* Core */,
			);
			path = CuteStickerCameraTests;
			sourceTree = "<group>";
		};
		P201 /* Core */ = {
			isa = PBXGroup;
			children = (
				F201 /* StickerCanvasTests.swift */,
				F202 /* StickerRenderTransformTests.swift */,
				F203 /* CollageTests.swift */,
				F218 /* DoodleTests.swift */,
				F219 /* RecentUsageTests.swift */,
			);
			path = Core;
			sourceTree = "<group>";
		};
		P300 /* Products */ = {
			isa = PBXGroup;
			children = (
				F300 /* CuteStickerCamera.app */,
				F301 /* CuteStickerCameraTests.xctest */,
			);
			name = Products;
			sourceTree = "<group>";
		};
/* End PBXGroup section */

/* Begin PBXNativeTarget section */
		T001 /* CuteStickerCamera */ = {
			isa = PBXNativeTarget;
			buildConfigurationList = C101 /* Build configuration list for PBXNativeTarget "CuteStickerCamera" */;
			buildPhases = (
				P001S /* Sources */,
				P001R /* Resources */,
				P001F /* Frameworks */,
			);
			buildRules = (
			);
			dependencies = (
			);
			name = CuteStickerCamera;
			productName = CuteStickerCamera;
			productReference = F300 /* CuteStickerCamera.app */;
			productType = "com.apple.product-type.application";
		};
		T201 /* CuteStickerCameraTests */ = {
			isa = PBXNativeTarget;
			buildConfigurationList = C201 /* Build configuration list for PBXNativeTarget "CuteStickerCameraTests" */;
			buildPhases = (
				P201S /* Sources */,
				P201F /* Frameworks */,
			);
			buildRules = (
			);
			dependencies = (
				D201 /* PBXTargetDependency */,
			);
			name = CuteStickerCameraTests;
			productName = CuteStickerCameraTests;
			productReference = F301 /* CuteStickerCameraTests.xctest */;
			productType = "com.apple.product-type.bundle.unit-test";
		};
/* End PBXNativeTarget section */

/* Begin PBXProject section */
		P000 /* Project object */ = {
			isa = PBXProject;
			attributes = {
				LastSwiftUpdateCheck = 1600;
				LastUpgradeCheck = 1600;
				TargetAttributes = {
					T001 = {
						CreatedOnToolsVersion = 16.0;
					};
					T201 = {
						CreatedOnToolsVersion = 16.0;
						TestTargetID = T001;
					};
				};
			};
			buildConfigurationList = C001 /* Build configuration list for PBXProject "CuteStickerCamera" */;
			compatibilityVersion = "Xcode 14.0";
			developmentRegion = en;
			hasScannedForEncodings = 0;
			knownRegions = (
				en,
				Base,
				"zh-Hans",
			);
			mainGroup = P100;
			productRefGroup = P300 /* Products */;
			projectDirPath = "";
			projectRoot = "";
			targets = (
				T001 /* CuteStickerCamera */,
				T201 /* CuteStickerCameraTests */,
			);
		};
/* End PBXProject section */

/* Begin PBXResourcesBuildPhase section */
		P001R /* Resources */ = {
			isa = PBXResourcesBuildPhase;
			buildActionMask = 2147483647;
			files = (
				B126 /* princess_hair.png in Resources */,
				B127 /* bow_hairclip.png in Resources */,
				B128 /* pearl_hairpin.png in Resources */,
				B129 /* king_crown.png in Resources */,
				B130 /* ice_queen_crown.png in Resources */,
				B131 /* magic_glasses.png in Resources */,
				B132 /* fairy_wings.png in Resources */,
				B133 /* star_twin_tails.png in Resources */,
				B134 /* heart_gem_tiara.png in Resources */,
				B135 /* bunny_bow.png in Resources */,
				B136 /* strawberry_macaron.png in Resources */,
				B137 /* heart_sunglasses.png in Resources */,
				B138 /* star_wand.png in Resources */,
				B139 /* hair_sticker_sheet.png in Resources */,
				B140 /* crown_sticker_sheet.png in Resources */,
				B141 /* animal_sticker_sheet.png in Resources */,
				B142 /* sweet_sticker_sheet.png in Resources */,
				B143 /* accessory_sticker_sheet.png in Resources */,
				B144 /* magic_sticker_sheet.png in Resources */,
				B102 /* kitten.png in Resources */,
				B103 /* puppy.png in Resources */,
				B104 /* panda.png in Resources */,
				B109 /* strawberry.png in Resources */,
				B110 /* cupcake.png in Resources */,
				B114 /* dinosaur.png in Resources */,
				B115 /* cloud.png in Resources */,
				B117 /* Assets.xcassets in Resources */,
				B118 /* strawberry_bow_frame.png in Resources */,
				B119 /* sky_cloud_frame.png in Resources */,
				B120 /* crayon_doodle_frame.png in Resources */,
				B121 /* starry_moon_frame.png in Resources */,
				B122 /* teddy_picnic_frame.png in Resources */,
				B123 /* ocean_shell_frame.png in Resources */,
				B124 /* fairy_garden_frame.png in Resources */,
				B125 /* candy_party_frame.png in Resources */,
				B145 /* ice_crystal_frame.png in Resources */,
				B146 /* coral_reef_frame.png in Resources */,
				B147 /* rainbow_cloud_frame.png in Resources */,
				B148 /* magic_ribbon_frame.png in Resources */,
				B149 /* strawberry_picnic_frame.png in Resources */,
				B150 /* space_rocket_frame.png in Resources */,
				B151 /* mushroom_forest_frame.png in Resources */,
				B152 /* butterfly_garden_frame.png in Resources */,
				B153 /* dinosaur_adventure_frame.png in Resources */,
				B154 /* pirate_treasure_frame.png in Resources */,
				B155 /* cherry_ballet_frame.png in Resources */,
				B156 /* cupcake_sprinkle_frame.png in Resources */,
				B157 /* peach_soda_frame.png in Resources */,
				B158 /* cookie_garden_frame.png in Resources */,
				B159 /* rainbow_cake_frame.png in Resources */,
				B160 /* jelly_star_frame.png in Resources */,
				B161 /* candy_carousel_frame.png in Resources */,
				B162 /* aurora_castle_frame.png in Resources */,
				B163 /* cloud_balloon_frame.png in Resources */,
				B164 /* moon_bunny_frame.png in Resources */,
				B165 /* crystal_wish_frame.png in Resources */,
				B166 /* sunflower_meadow_frame.png in Resources */,
				B167 /* ladybug_picnic_frame.png in Resources */,
				B168 /* clover_garden_frame.png in Resources */,
				B169 /* autumn_acorn_frame.png in Resources */,
				B170 /* submarine_sea_frame.png in Resources */,
				B171 /* safari_journey_frame.png in Resources */,
				B172 /* camping_adventure_frame.png in Resources */,
				B173 /* hot_air_balloon_frame.png in Resources */,
				B174 /* rainbow_train_frame.png in Resources */,
				B175 /* robot_lab_frame.png in Resources */,
				B176 /* star_explorer_frame.png in Resources */,
				B177 /* polaroid_heart_frame.png in Resources */,
				B178 /* filmstrip_frame.png in Resources */,
				B179 /* double_mat_bow_frame.png in Resources */,
				B180 /* scalloped_postcard_frame.png in Resources */,
				B181 /* scrapbook_binder_frame.png in Resources */,
				B182 /* ticket_stub_frame.png in Resources */,
				B183 /* photo_corner_album_frame.png in Resources */,
				B184 /* quilt_patchwork_frame.png in Resources */,
				B185 /* postage_stamp_frame.png in Resources */,
				B186 /* torn_paper_collage_frame.png in Resources */,
				B187 /* party_balloon_frame.png in Resources */,
				B188 /* party_gift_frame.png in Resources */,
				B189 /* party_streamer_frame.png in Resources */,
				B190 /* party_cupcake_frame.png in Resources */,
				B191 /* party_hat_frame.png in Resources */,
				B192 /* party_bunting_frame.png in Resources */,
				B193 /* journal_spiral_frame.png in Resources */,
				B194 /* journal_washi_frame.png in Resources */,
				B195 /* journal_corkboard_frame.png in Resources */,
				B196 /* journal_envelope_frame.png in Resources */,
				B197 /* journal_ruler_frame.png in Resources */,
				B198 /* journal_flower_stickers_frame.png in Resources */,
				B199 /* journal_ribbon_diary_frame.png in Resources */,
				B210 /* journal_craft_label_frame.png in Resources */,
				B211 /* whimsy_toy_blocks_frame.png in Resources */,
				B212 /* whimsy_puzzle_frame.png in Resources */,
				B213 /* whimsy_potion_frame.png in Resources */,
				B214 /* whimsy_monster_frame.png in Resources */,
				B215 /* whimsy_train_frame.png in Resources */,
				B216 /* whimsy_space_frame.png in Resources */,
				B217 /* whimsy_gears_frame.png in Resources */,
			);
			runOnlyForDeploymentPostprocessing = 0;
		};
/* End PBXResourcesBuildPhase section */

/* Begin PBXSourcesBuildPhase section */
		P001S /* Sources */ = {
			isa = PBXSourcesBuildPhase;
			buildActionMask = 2147483647;
			files = (
				B001 /* CuteStickerCameraApp.swift in Sources */,
				B002 /* CameraService.swift in Sources */,
				B003 /* CameraPreview.swift in Sources */,
				B004 /* StickerLayer.swift in Sources */,
				B005 /* StickerCanvas.swift in Sources */,
				B006 /* StickerRenderTransform.swift in Sources */,
				B007 /* PhotoComposer.swift in Sources */,
				B008 /* PhotoLibrarySaver.swift in Sources */,
				B009 /* StickerCanvasView.swift in Sources */,
				B010 /* StickerTrayView.swift in Sources */,
				B011 /* CameraScreen.swift in Sources */,
				B012 /* FrameStyle.swift in Sources */,
				B013 /* FrameOverlayView.swift in Sources */,
				B014 /* FrameTrayView.swift in Sources */,
				B033 /* CollageGridView.swift in Sources */,
				B034 /* CollageProgressView.swift in Sources */,
				B035 /* CollageTrayView.swift in Sources */,
				B038 /* TrayContainer.swift in Sources */,
				B039 /* GlassControls.swift in Sources */,
				B041 /* DoodleCanvasView.swift in Sources */,
				B042 /* DoodleToolbar.swift in Sources */,
				B015 /* PhotoSaveTracker.swift in Sources */,
				B016 /* CameraSoundPreference.swift in Sources */,
				B017 /* CameraShutterEffect.swift in Sources */,
				B018 /* StickerCatalog.swift in Sources */,
				B019 /* CameraScreenChrome.swift in Sources */,
				B020 /* CameraAspectRatio.swift in Sources */,
				B021 /* CameraControlGrouping.swift in Sources */,
				B022 /* StickerImageProvider.swift in Sources */,
				B030 /* ImageCropping.swift in Sources */,
				B031 /* CollageComposer.swift in Sources */,
				B037 /* FrameRenderer.swift in Sources */,
				B032 /* CollageDecorationRenderer.swift in Sources */,
				B023 /* RecentPhotoStore.swift in Sources */,
				B024 /* CameraTimerPreference.swift in Sources */,
				B025 /* TimerCountdownAnimation.swift in Sources */,
				B026 /* CameraSwitchAnimation.swift in Sources */,
				B027 /* CollageLayout.swift in Sources */,
				B028 /* CollageStyle.swift in Sources */,
				B029 /* CollageSession.swift in Sources */,
				B040 /* DoodleTool.swift in Sources */,
				B043 /* RecentUsage.swift in Sources */,
				B036 /* CollageOverlayLayout.swift in Sources */,
				B301 /* PictureInPictureLayout.swift in Sources */,
				B302 /* DualCameraSession.swift in Sources */,
				B303 /* PictureInPicturePreview.swift in Sources */,
				B304 /* RearCameraSelection.swift in Sources */,
			);
			runOnlyForDeploymentPostprocessing = 0;
		};
		P201S /* Sources */ = {
			isa = PBXSourcesBuildPhase;
			buildActionMask = 2147483647;
			files = (
				B201 /* StickerCanvasTests.swift in Sources */,
				B202 /* StickerRenderTransformTests.swift in Sources */,
				B203 /* CollageTests.swift in Sources */,
				B218 /* DoodleTests.swift in Sources */,
				B219 /* RecentUsageTests.swift in Sources */,
			);
			runOnlyForDeploymentPostprocessing = 0;
		};
/* End PBXSourcesBuildPhase section */

/* Begin PBXTargetDependency section */
		D201 /* PBXTargetDependency */ = {
			isa = PBXTargetDependency;
			target = T001 /* CuteStickerCamera */;
			targetProxy = P001 /* PBXContainerItemProxy */;
		};
/* End PBXTargetDependency section */

/* Begin XCBuildConfiguration section */
		C002 /* Debug */ = {
			isa = XCBuildConfiguration;
			buildSettings = {
				CLANG_ENABLE_MODULES = YES;
				SWIFT_VERSION = 5.0;
			};
			name = Debug;
		};
		C003 /* Release */ = {
			isa = XCBuildConfiguration;
			buildSettings = {
				CLANG_ENABLE_MODULES = YES;
				SWIFT_VERSION = 5.0;
			};
			name = Release;
		};
		C102 /* Debug */ = {
			isa = XCBuildConfiguration;
			buildSettings = {
				ASSETCATALOG_COMPILER_APPICON_NAME = AppIcon;
				CODE_SIGN_STYLE = Automatic;
				CURRENT_PROJECT_VERSION = 1;
				DEVELOPMENT_TEAM = Y3F4M25D8N;
				ENABLE_TESTABILITY = YES;
				GENERATE_INFOPLIST_FILE = NO;
				INFOPLIST_FILE = CuteStickerCamera/Resources/Info.plist;
				IPHONEOS_DEPLOYMENT_TARGET = 16.0;
				MARKETING_VERSION = 1.0;
				PRODUCT_BUNDLE_IDENTIFIER = com.yocn.CuteStickerCamera;
				PRODUCT_NAME = "$(TARGET_NAME)";
				SDKROOT = iphoneos;
				SUPPORTED_PLATFORMS = "iphoneos iphonesimulator";
				SWIFT_VERSION = 5.0;
				TARGETED_DEVICE_FAMILY = 1;
			};
			name = Debug;
		};
		C103 /* Release */ = {
			isa = XCBuildConfiguration;
			buildSettings = {
				ASSETCATALOG_COMPILER_APPICON_NAME = AppIcon;
				CODE_SIGN_STYLE = Automatic;
				CURRENT_PROJECT_VERSION = 1;
				DEVELOPMENT_TEAM = Y3F4M25D8N;
				GENERATE_INFOPLIST_FILE = NO;
				INFOPLIST_FILE = CuteStickerCamera/Resources/Info.plist;
				IPHONEOS_DEPLOYMENT_TARGET = 16.0;
				MARKETING_VERSION = 1.0;
				PRODUCT_BUNDLE_IDENTIFIER = com.yocn.CuteStickerCamera;
				PRODUCT_NAME = "$(TARGET_NAME)";
				SDKROOT = iphoneos;
				SUPPORTED_PLATFORMS = "iphoneos iphonesimulator";
				SWIFT_VERSION = 5.0;
				TARGETED_DEVICE_FAMILY = 1;
			};
			name = Release;
		};
		C202 /* Debug */ = {
			isa = XCBuildConfiguration;
			buildSettings = {
				BUNDLE_LOADER = "$(TEST_HOST)";
				GENERATE_INFOPLIST_FILE = YES;
				IPHONEOS_DEPLOYMENT_TARGET = 16.0;
				PRODUCT_BUNDLE_IDENTIFIER = com.yocn.CuteStickerCameraTests;
				PRODUCT_NAME = "$(TARGET_NAME)";
				SDKROOT = iphoneos;
				SWIFT_VERSION = 5.0;
				TARGETED_DEVICE_FAMILY = 1;
				TEST_HOST = "$(BUILT_PRODUCTS_DIR)/CuteStickerCamera.app/CuteStickerCamera";
			};
			name = Debug;
		};
		C203 /* Release */ = {
			isa = XCBuildConfiguration;
			buildSettings = {
				BUNDLE_LOADER = "$(TEST_HOST)";
				GENERATE_INFOPLIST_FILE = YES;
				IPHONEOS_DEPLOYMENT_TARGET = 16.0;
				PRODUCT_BUNDLE_IDENTIFIER = com.yocn.CuteStickerCameraTests;
				PRODUCT_NAME = "$(TARGET_NAME)";
				SDKROOT = iphoneos;
				SWIFT_VERSION = 5.0;
				TARGETED_DEVICE_FAMILY = 1;
				TEST_HOST = "$(BUILT_PRODUCTS_DIR)/CuteStickerCamera.app/CuteStickerCamera";
			};
			name = Release;
		};
/* End XCBuildConfiguration section */

/* Begin XCConfigurationList section */
		C001 /* Build configuration list for PBXProject "CuteStickerCamera" */ = {
			isa = XCConfigurationList;
			buildConfigurations = (
				C002 /* Debug */,
				C003 /* Release */,
			);
			defaultConfigurationIsVisible = 0;
			defaultConfigurationName = Release;
		};
		C101 /* Build configuration list for PBXNativeTarget "CuteStickerCamera" */ = {
			isa = XCConfigurationList;
			buildConfigurations = (
				C102 /* Debug */,
				C103 /* Release */,
			);
			defaultConfigurationIsVisible = 0;
			defaultConfigurationName = Release;
		};
		C201 /* Build configuration list for PBXNativeTarget "CuteStickerCameraTests" */ = {
			isa = XCConfigurationList;
			buildConfigurations = (
				C202 /* Debug */,
				C203 /* Release */,
			);
			defaultConfigurationIsVisible = 0;
			defaultConfigurationName = Release;
		};
/* End XCConfigurationList section */
	};
	rootObject = P000 /* Project object */;
}
